
Microsoft Visual Studio Solution File, Format Version 12.00
# Visual Studio 14
VisualStudioVersion = 14.0.25123.0
MinimumVisualStudioVersion = 10.0.40219.1
Project("{2150E333-8FDC-42A3-9474-1A3956D46DE8}") = "5.DataAccess", "5.DataAccess", "{2910858F-BEA5-41C8-8EF0-65BA5DEA65CE}"
EndProject
Project("{2150E333-8FDC-42A3-9474-1A3956D46DE8}") = "Model", "Model", "{E62803D4-AA02-4E78-B32D-403910C6E193}"
EndProject
Project("{FAE04EC0-301F-11D3-BF4B-00C04F79EFBC}") = "Tickets.Model", "DomainModel\Tickets.Model.csproj", "{B647DB4C-9FA8-41C5-A733-466B38B683C5}"
EndProject
Project("{2150E333-8FDC-42A3-9474-1A3956D46DE8}") = "4.Business", "4.Business", "{1F651B7D-3E4C-42FD-9C9A-A0824148328D}"
EndProject
Project("{FAE04EC0-301F-11D3-BF4B-00C04F79EFBC}") = "Tickets.Business", "Business\Tickets.Business.csproj", "{B68FF4FB-6FF4-464C-9D09-D6D9F0284EC4}"
EndProject
Project("{2150E333-8FDC-42A3-9474-1A3956D46DE8}") = "Common", "Common", "{AC3E50C3-11DB-4D38-BE1C-A8E4099D0B14}"
EndProject
Project("{FAE04EC0-301F-11D3-BF4B-00C04F79EFBC}") = "Tickets.Common", "Common\Tickets.Common.csproj", "{EE69623E-A2C1-4685-80C0-7F5DC672E4D5}"
EndProject
Project("{FAE04EC0-301F-11D3-BF4B-00C04F79EFBC}") = "Tickets.DataAccess", "DataAccess\Tickets.DataAccess.csproj", "{C6BF4C55-E66F-4D2E-AA5E-2555EB504171}"
EndProject
Project("{2150E333-8FDC-42A3-9474-1A3956D46DE8}") = "3.Services", "3.Services", "{7225583A-476E-4D5F-A5AA-94AA8D49A3F8}"
EndProject
Project("{2150E333-8FDC-42A3-9474-1A3956D46DE8}") = "2.Proxy", "2.Proxy", "{B0FE0BD0-FE2D-4F43-91C6-EEC170C89F6D}"
EndProject
Project("{2150E333-8FDC-42A3-9474-1A3956D46DE8}") = "1.UI", "1.UI", "{B4BD4B3E-EAB1-48FD-8F4C-C8218BCAC0D8}"
EndProject
Project("{FAE04EC0-301F-11D3-BF4B-00C04F79EFBC}") = "Tickets.Proxy", "Proxy\Tickets.Proxy.csproj", "{0E577101-B92F-4216-B880-ED0EF5B08E4D}"
	ProjectSection(ProjectDependencies) = postProject
		{675D944A-985E-4426-AA83-0054DDA738E3} = {675D944A-985E-4426-AA83-0054DDA738E3}
	EndProjectSection
EndProject
Project("{FAE04EC0-301F-11D3-BF4B-00C04F79EFBC}") = "Tickets.Services", "Services\Tickets.Services.csproj", "{675D944A-985E-4426-AA83-0054DDA738E3}"
EndProject
Project("{FAE04EC0-301F-11D3-BF4B-00C04F79EFBC}") = "Tickets.API", "API\Tickets.API.csproj", "{8680FA3D-AE40-41AC-966E-848FC082C403}"
EndProject
Project("{FAE04EC0-301F-11D3-BF4B-00C04F79EFBC}") = "Tickets.Web", "Web\Tickets.Web.csproj", "{7192A03F-A220-43A7-AC31-9D4C48876E52}"
EndProject
Global
	GlobalSection(SolutionConfigurationPlatforms) = preSolution
		Debug|Any CPU = Debug|Any CPU
		Release|Any CPU = Release|Any CPU
	EndGlobalSection
	GlobalSection(ProjectConfigurationPlatforms) = postSolution
		{B647DB4C-9FA8-41C5-A733-466B38B683C5}.Debug|Any CPU.ActiveCfg = Debug|Any CPU
		{B647DB4C-9FA8-41C5-A733-466B38B683C5}.Debug|Any CPU.Build.0 = Debug|Any CPU
		{B647DB4C-9FA8-41C5-A733-466B38B683C5}.Release|Any CPU.ActiveCfg = Release|Any CPU
		{B647DB4C-9FA8-41C5-A733-466B38B683C5}.Release|Any CPU.Build.0 = Release|Any CPU
		{B68FF4FB-6FF4-464C-9D09-D6D9F0284EC4}.Debug|Any CPU.ActiveCfg = Debug|Any CPU
		{B68FF4FB-6FF4-464C-9D09-D6D9F0284EC4}.Debug|Any CPU.Build.0 = Debug|Any CPU
		{B68FF4FB-6FF4-464C-9D09-D6D9F0284EC4}.Release|Any CPU.ActiveCfg = Release|Any CPU
		{B68FF4FB-6FF4-464C-9D09-D6D9F0284EC4}.Release|Any CPU.Build.0 = Release|Any CPU
		{EE69623E-A2C1-4685-80C0-7F5DC672E4D5}.Debug|Any CPU.ActiveCfg = Debug|Any CPU
		{EE69623E-A2C1-4685-80C0-7F5DC672E4D5}.Debug|Any CPU.Build.0 = Debug|Any CPU
		{EE69623E-A2C1-4685-80C0-7F5DC672E4D5}.Release|Any CPU.ActiveCfg = Release|Any CPU
		{EE69623E-A2C1-4685-80C0-7F5DC672E4D5}.Release|Any CPU.Build.0 = Release|Any CPU
		{C6BF4C55-E66F-4D2E-AA5E-2555EB504171}.Debug|Any CPU.ActiveCfg = Debug|Any CPU
		{C6BF4C55-E66F-4D2E-AA5E-2555EB504171}.Debug|Any CPU.Build.0 = Debug|Any CPU
		{C6BF4C55-E66F-4D2E-AA5E-2555EB504171}.Release|Any CPU.ActiveCfg = Release|Any CPU
		{C6BF4C55-E66F-4D2E-AA5E-2555EB504171}.Release|Any CPU.Build.0 = Release|Any CPU
		{0E577101-B92F-4216-B880-ED0EF5B08E4D}.Debug|Any CPU.ActiveCfg = Debug|Any CPU
		{0E577101-B92F-4216-B880-ED0EF5B08E4D}.Debug|Any CPU.Build.0 = Debug|Any CPU
		{0E577101-B92F-4216-B880-ED0EF5B08E4D}.Release|Any CPU.ActiveCfg = Release|Any CPU
		{0E577101-B92F-4216-B880-ED0EF5B08E4D}.Release|Any CPU.Build.0 = Release|Any CPU
		{675D944A-985E-4426-AA83-0054DDA738E3}.Debug|Any CPU.ActiveCfg = Debug|Any CPU
		{675D944A-985E-4426-AA83-0054DDA738E3}.Debug|Any CPU.Build.0 = Debug|Any CPU
		{675D944A-985E-4426-AA83-0054DDA738E3}.Release|Any CPU.ActiveCfg = Release|Any CPU
		{675D944A-985E-4426-AA83-0054DDA738E3}.Release|Any CPU.Build.0 = Release|Any CPU
		{8680FA3D-AE40-41AC-966E-848FC082C403}.Debug|Any CPU.ActiveCfg = Debug|Any CPU
		{8680FA3D-AE40-41AC-966E-848FC082C403}.Debug|Any CPU.Build.0 = Debug|Any CPU
		{8680FA3D-AE40-41AC-966E-848FC082C403}.Release|Any CPU.ActiveCfg = Release|Any CPU
		{8680FA3D-AE40-41AC-966E-848FC082C403}.Release|Any CPU.Build.0 = Release|Any CPU
		{7192A03F-A220-43A7-AC31-9D4C48876E52}.Debug|Any CPU.ActiveCfg = Debug|Any CPU
		{7192A03F-A220-43A7-AC31-9D4C48876E52}.Debug|Any CPU.Build.0 = Debug|Any CPU
		{7192A03F-A220-43A7-AC31-9D4C48876E52}.Release|Any CPU.ActiveCfg = Release|Any CPU
		{7192A03F-A220-43A7-AC31-9D4C48876E52}.Release|Any CPU.Build.0 = Release|Any CPU
	EndGlobalSection
	GlobalSection(SolutionProperties) = preSolution
		HideSolutionNode = FALSE
	EndGlobalSection
	GlobalSection(NestedProjects) = preSolution
		{B647DB4C-9FA8-41C5-A733-466B38B683C5} = {E62803D4-AA02-4E78-B32D-403910C6E193}
		{B68FF4FB-6FF4-464C-9D09-D6D9F0284EC4} = {1F651B7D-3E4C-42FD-9C9A-A0824148328D}
		{EE69623E-A2C1-4685-80C0-7F5DC672E4D5} = {AC3E50C3-11DB-4D38-BE1C-A8E4099D0B14}
		{C6BF4C55-E66F-4D2E-AA5E-2555EB504171} = {2910858F-BEA5-41C8-8EF0-65BA5DEA65CE}
		{0E577101-B92F-4216-B880-ED0EF5B08E4D} = {B0FE0BD0-FE2D-4F43-91C6-EEC170C89F6D}
		{675D944A-985E-4426-AA83-0054DDA738E3} = {7225583A-476E-4D5F-A5AA-94AA8D49A3F8}
		{8680FA3D-AE40-41AC-966E-848FC082C403} = {B4BD4B3E-EAB1-48FD-8F4C-C8218BCAC0D8}
		{7192A03F-A220-43A7-AC31-9D4C48876E52} = {B4BD4B3E-EAB1-48FD-8F4C-C8218BCAC0D8}
	EndGlobalSection
EndGlobal
